
Microsoft Visual Studio Solution File, Format Version 12.00
# Visual Studio 15
VisualStudioVersion = 15.0.27004.2008
MinimumVisualStudioVersion = 10.0.40219.1
Project("{FAE04EC0-301F-11D3-BF4B-00C04F79EFBC}") = "BXFinAssessment", "BXFinAssessment\BXFinAssessment.csproj", "{499B8D7B-458C-4CB8-B582-B7B39B804D45}"
EndProject
Global
	GlobalSection(SolutionConfigurationPlatforms) = preSolution
		Debug|Any CPU = Debug|Any CPU
		Release|Any CPU = Release|Any CPU
	EndGlobalSection
	GlobalSection(ProjectConfigurationPlatforms) = postSolution
		{499B8D7B-458C-4CB8-B582-B7B39B804D45}.Debug|Any CPU.ActiveCfg = Debug|Any CPU
		{499B8D7B-458C-4CB8-B582-B7B39B804D45}.Debug|Any CPU.Build.0 = Debug|Any CPU
		{499B8D7B-458C-4CB8-B582-B7B39B804D45}.Release|Any CPU.ActiveCfg = Release|Any CPU
		{499B8D7B-458C-4CB8-B582-B7B39B804D45}.Release|Any CPU.Build.0 = Release|Any CPU
	EndGlobalSection
	GlobalSection(SolutionProperties) = preSolution
		HideSolutionNode = FALSE
	EndGlobalSection
	GlobalSection(ExtensibilityGlobals) = postSolution
		SolutionGuid = {0EA18464-3FBE-48A7-A2EF-F47E48A9D025}
	EndGlobalSection
EndGlobal
